// !$*UTF8*$!
{
	archiveVersion = 1;
	classes = {
	};
	objectVersion = 55;
	objects = {

/* Begin PBXBuildFile section */
		530FC968272ABC9A0098407F /* LeadCollectionViewCell.swift in Sources */ = {isa = PBXBuildFile; fileRef = 530FC967272ABC9A0098407F /* LeadCollectionViewCell.swift */; };
		530FC96A272AC38A0098407F /* LeadViewModel.swift in Sources */ = {isa = PBXBuildFile; fileRef = 530FC969272AC38A0098407F /* LeadViewModel.swift */; };
		530FC96C272AC3B40098407F /* LeadCollectionViewCellViewModel.swift in Sources */ = {isa = PBXBuildFile; fileRef = 530FC96B272AC3B40098407F /* LeadCollectionViewCellViewModel.swift */; };
		530FC96F272BD5900098407F /* LeadTableViewCell.swift in Sources */ = {isa = PBXBuildFile; fileRef = 530FC96E272BD5900098407F /* LeadTableViewCell.swift */; };
		53120D8327284DF2002CB090 /* ATCTextfield.swift in Sources */ = {isa = PBXBuildFile; fileRef = 53120D8227284DF2002CB090 /* ATCTextfield.swift */; };
		5312CF66272A91C3007001A5 /* LeadViewController.swift in Sources */ = {isa = PBXBuildFile; fileRef = 5312CF65272A91C3007001A5 /* LeadViewController.swift */; };
		5312CFA4272A937D007001A5 /* TabBarViewController.swift in Sources */ = {isa = PBXBuildFile; fileRef = 5312CFA3272A937D007001A5 /* TabBarViewController.swift */; };
		5312CFA6272A9546007001A5 /* SettingsViewController.swift in Sources */ = {isa = PBXBuildFile; fileRef = 5312CFA5272A9546007001A5 /* SettingsViewController.swift */; };
		5312CFA8272A9576007001A5 /* CalendarViewController.swift in Sources */ = {isa = PBXBuildFile; fileRef = 5312CFA7272A9576007001A5 /* CalendarViewController.swift */; };
		5312CFAA272A95B9007001A5 /* FinanceViewController.swift in Sources */ = {isa = PBXBuildFile; fileRef = 5312CFA9272A95B9007001A5 /* FinanceViewController.swift */; };
		5312CFAE272AA8E4007001A5 /* SOTabBar.swift in Sources */ = {isa = PBXBuildFile; fileRef = 5312CFAD272AA8E4007001A5 /* SOTabBar.swift */; };
		5312CFB0272AA91D007001A5 /* SOTabBarController.swift in Sources */ = {isa = PBXBuildFile; fileRef = 5312CFAF272AA91D007001A5 /* SOTabBarController.swift */; };
		5312CFB2272AA94D007001A5 /* SOTabBarItem.swift in Sources */ = {isa = PBXBuildFile; fileRef = 5312CFB1272AA94D007001A5 /* SOTabBarItem.swift */; };
		5312CFB4272AA981007001A5 /* SOTabBarSettings.swift in Sources */ = {isa = PBXBuildFile; fileRef = 5312CFB3272AA981007001A5 /* SOTabBarSettings.swift */; };
		5318452F274A4FAB00DC57CF /* SplashScreenViewController.swift in Sources */ = {isa = PBXBuildFile; fileRef = 5318452E274A4FAB00DC57CF /* SplashScreenViewController.swift */; };
		53184531274A4FBD00DC57CF /* SplashScreenViewModel.swift in Sources */ = {isa = PBXBuildFile; fileRef = 53184530274A4FBD00DC57CF /* SplashScreenViewModel.swift */; };
		53184534274BC65D00DC57CF /* Mission.swift in Sources */ = {isa = PBXBuildFile; fileRef = 53184533274BC65D00DC57CF /* Mission.swift */; };
		53184536274BC72D00DC57CF /* MissionTableViewCellViewModel.swift in Sources */ = {isa = PBXBuildFile; fileRef = 53184535274BC72D00DC57CF /* MissionTableViewCellViewModel.swift */; };
		53184538274BCBAD00DC57CF /* MissionTableViewCell.swift in Sources */ = {isa = PBXBuildFile; fileRef = 53184537274BCBAD00DC57CF /* MissionTableViewCell.swift */; };
		5318453A274BCFA600DC57CF /* CreateMissionViewController.swift in Sources */ = {isa = PBXBuildFile; fileRef = 53184539274BCFA600DC57CF /* CreateMissionViewController.swift */; };
		5318453C274BD11700DC57CF /* CreateMissionViewModel.swift in Sources */ = {isa = PBXBuildFile; fileRef = 5318453B274BD11700DC57CF /* CreateMissionViewModel.swift */; };
		5318453E274BD1A800DC57CF /* CreateMissionTableViewCell.swift in Sources */ = {isa = PBXBuildFile; fileRef = 5318453D274BD1A800DC57CF /* CreateMissionTableViewCell.swift */; };
		53184540274BD1C100DC57CF /* CreateMissionTableViewCellViewModel.swift in Sources */ = {isa = PBXBuildFile; fileRef = 5318453F274BD1C100DC57CF /* CreateMissionTableViewCellViewModel.swift */; };
		5318454227537AB000DC57CF /* Event.swift in Sources */ = {isa = PBXBuildFile; fileRef = 5318454127537AB000DC57CF /* Event.swift */; };
		53184544275A05A700DC57CF /* ReminderTableViewCell.swift in Sources */ = {isa = PBXBuildFile; fileRef = 53184543275A05A700DC57CF /* ReminderTableViewCell.swift */; };
		53184546275A05C700DC57CF /* ReminderViewController.swift in Sources */ = {isa = PBXBuildFile; fileRef = 53184545275A05C700DC57CF /* ReminderViewController.swift */; };
		53184548275A06DB00DC57CF /* ReminderViewModel.swift in Sources */ = {isa = PBXBuildFile; fileRef = 53184547275A06DB00DC57CF /* ReminderViewModel.swift */; };
		5318454A275A072E00DC57CF /* ReminderTime.swift in Sources */ = {isa = PBXBuildFile; fileRef = 53184549275A072E00DC57CF /* ReminderTime.swift */; };
		5318454C275A0A1100DC57CF /* ReminderTableViewCellViewModel.swift in Sources */ = {isa = PBXBuildFile; fileRef = 5318454B275A0A1100DC57CF /* ReminderTableViewCellViewModel.swift */; };
		5325664127634C5400DF302E /* FinanceViewModel.swift in Sources */ = {isa = PBXBuildFile; fileRef = 5325664027634C5400DF302E /* FinanceViewModel.swift */; };
		532566432763516700DF302E /* FinanceCollectionViewCellViewModel.swift in Sources */ = {isa = PBXBuildFile; fileRef = 532566422763516700DF302E /* FinanceCollectionViewCellViewModel.swift */; };
		532566452763519500DF302E /* FinanceCollectionViewCell.swift in Sources */ = {isa = PBXBuildFile; fileRef = 532566442763519500DF302E /* FinanceCollectionViewCell.swift */; };
		53256647276377B600DF302E /* Income.swift in Sources */ = {isa = PBXBuildFile; fileRef = 53256646276377B600DF302E /* Income.swift */; };
		532566492763848200DF302E /* IncomeTableViewCell.swift in Sources */ = {isa = PBXBuildFile; fileRef = 532566482763848200DF302E /* IncomeTableViewCell.swift */; };
		5325664B2763849A00DF302E /* IncomeTableViewCellViewModel.swift in Sources */ = {isa = PBXBuildFile; fileRef = 5325664A2763849A00DF302E /* IncomeTableViewCellViewModel.swift */; };
		5325664D2763917800DF302E /* FinanceManager.swift in Sources */ = {isa = PBXBuildFile; fileRef = 5325664C2763917800DF302E /* FinanceManager.swift */; };
		5333ACC8272E979700CC89B1 /* CreateLeadViewController.swift in Sources */ = {isa = PBXBuildFile; fileRef = 5333ACC7272E979700CC89B1 /* CreateLeadViewController.swift */; };
		533D5B96272A7DDC00B2A48D /* AnimationManager.swift in Sources */ = {isa = PBXBuildFile; fileRef = 533D5B95272A7DDC00B2A48D /* AnimationManager.swift */; };
		5340B10F2726BD14002E5672 /* DataBaseManager.swift in Sources */ = {isa = PBXBuildFile; fileRef = 5340B10E2726BD14002E5672 /* DataBaseManager.swift */; };
		5340B1112726BD93002E5672 /* AuthManager.swift in Sources */ = {isa = PBXBuildFile; fileRef = 5340B1102726BD93002E5672 /* AuthManager.swift */; };
		5340B1132726CECD002E5672 /* VerifcationViewController.swift in Sources */ = {isa = PBXBuildFile; fileRef = 5340B1122726CECD002E5672 /* VerifcationViewController.swift */; };
		5340B1162726D223002E5672 /* VerifcationViewModel.swift in Sources */ = {isa = PBXBuildFile; fileRef = 5340B1152726D223002E5672 /* VerifcationViewModel.swift */; };
		5340B11C2726D7BD002E5672 /* MainViewController.swift in Sources */ = {isa = PBXBuildFile; fileRef = 5340B11B2726D7BD002E5672 /* MainViewController.swift */; };
		535B21352737DD2000ADABAE /* CloudKit.framework in Frameworks */ = {isa = PBXBuildFile; fileRef = 535B21342737DD2000ADABAE /* CloudKit.framework */; };
		535B213C2738008D00ADABAE /* CreateLeadViewModel.swift in Sources */ = {isa = PBXBuildFile; fileRef = 535B213B2738008D00ADABAE /* CreateLeadViewModel.swift */; };
		535B21432741480800ADABAE /* EditLeadSummryViewController.swift in Sources */ = {isa = PBXBuildFile; fileRef = 535B21422741480800ADABAE /* EditLeadSummryViewController.swift */; };
		535B21452741481800ADABAE /* EditLeadSummryViewModel.swift in Sources */ = {isa = PBXBuildFile; fileRef = 535B21442741481800ADABAE /* EditLeadSummryViewModel.swift */; };
		535B2148274255E600ADABAE /* CalendarViewModel.swift in Sources */ = {isa = PBXBuildFile; fileRef = 535B2147274255E600ADABAE /* CalendarViewModel.swift */; };
		535B214C27426EDD00ADABAE /* ViewControllers.swift in Sources */ = {isa = PBXBuildFile; fileRef = 535B214B27426EDD00ADABAE /* ViewControllers.swift */; };
		535B214E27427BAE00ADABAE /* ErrorAlertViewController.swift in Sources */ = {isa = PBXBuildFile; fileRef = 535B214D27427BAE00ADABAE /* ErrorAlertViewController.swift */; };
		535B215027427F8300ADABAE /* LeadManager.swift in Sources */ = {isa = PBXBuildFile; fileRef = 535B214F27427F8300ADABAE /* LeadManager.swift */; };
		535B215327428F0B00ADABAE /* DealTableViewCell.swift in Sources */ = {isa = PBXBuildFile; fileRef = 535B215227428F0B00ADABAE /* DealTableViewCell.swift */; };
		535B215527428F8700ADABAE /* DealTableViewCellViewModel.swift in Sources */ = {isa = PBXBuildFile; fileRef = 535B215427428F8700ADABAE /* DealTableViewCellViewModel.swift */; };
		535B2157274394AA00ADABAE /* Deal.swift in Sources */ = {isa = PBXBuildFile; fileRef = 535B2156274394AA00ADABAE /* Deal.swift */; };
		535B2159274396B300ADABAE /* CreateDealTableViewCell.swift in Sources */ = {isa = PBXBuildFile; fileRef = 535B2158274396B300ADABAE /* CreateDealTableViewCell.swift */; };
		535B215B274396CC00ADABAE /* CreateDealViewController.swift in Sources */ = {isa = PBXBuildFile; fileRef = 535B215A274396CC00ADABAE /* CreateDealViewController.swift */; };
		535B215D274396EE00ADABAE /* CreateDealViewModel.swift in Sources */ = {isa = PBXBuildFile; fileRef = 535B215C274396EE00ADABAE /* CreateDealViewModel.swift */; };
		535B215F2743971700ADABAE /* CreateDealTableViewCellViewModel.swift in Sources */ = {isa = PBXBuildFile; fileRef = 535B215E2743971700ADABAE /* CreateDealTableViewCellViewModel.swift */; };
		535B21622745243F00ADABAE /* PlacesTableViewCell.swift in Sources */ = {isa = PBXBuildFile; fileRef = 535B21612745243F00ADABAE /* PlacesTableViewCell.swift */; };
		535B21642745302500ADABAE /* PlacesTableViewCellViewModel.swift in Sources */ = {isa = PBXBuildFile; fileRef = 535B21632745302500ADABAE /* PlacesTableViewCellViewModel.swift */; };
		535B5F76272C1F6E00992283 /* LeadTableViewCellViewModel.swift in Sources */ = {isa = PBXBuildFile; fileRef = 535B5F75272C1F6E00992283 /* LeadTableViewCellViewModel.swift */; };
		535B5F78272C209F00992283 /* Lead.swift in Sources */ = {isa = PBXBuildFile; fileRef = 535B5F77272C209F00992283 /* Lead.swift */; };
		538769EC2763948C007AA7E1 /* CreateIncomeViewController.swift in Sources */ = {isa = PBXBuildFile; fileRef = 538769EB2763948C007AA7E1 /* CreateIncomeViewController.swift */; };
		538769EE276394A1007AA7E1 /* CreateIncomeViewModel.swift in Sources */ = {isa = PBXBuildFile; fileRef = 538769ED276394A1007AA7E1 /* CreateIncomeViewModel.swift */; };
		53AF2A5527268216001A359B /* AppDelegate.swift in Sources */ = {isa = PBXBuildFile; fileRef = 53AF2A5427268216001A359B /* AppDelegate.swift */; };
		53AF2A5727268216001A359B /* SceneDelegate.swift in Sources */ = {isa = PBXBuildFile; fileRef = 53AF2A5627268216001A359B /* SceneDelegate.swift */; };
		53AF2A5927268216001A359B /* RegestrationViewController.swift in Sources */ = {isa = PBXBuildFile; fileRef = 53AF2A5827268216001A359B /* RegestrationViewController.swift */; };
		53AF2A5C27268216001A359B /* Main.storyboard in Resources */ = {isa = PBXBuildFile; fileRef = 53AF2A5A27268216001A359B /* Main.storyboard */; };
		53AF2A5E27268219001A359B /* Assets.xcassets in Resources */ = {isa = PBXBuildFile; fileRef = 53AF2A5D27268219001A359B /* Assets.xcassets */; };
		53AF2A6127268219001A359B /* LaunchScreen.storyboard in Resources */ = {isa = PBXBuildFile; fileRef = 53AF2A5F27268219001A359B /* LaunchScreen.storyboard */; };
		53AF2A6C27268219001A359B /* IndependentTests.swift in Sources */ = {isa = PBXBuildFile; fileRef = 53AF2A6B27268219001A359B /* IndependentTests.swift */; };
		53AF2A7627268219001A359B /* IndependentUITests.swift in Sources */ = {isa = PBXBuildFile; fileRef = 53AF2A7527268219001A359B /* IndependentUITests.swift */; };
		53AF2A7827268219001A359B /* IndependentUITestsLaunchTests.swift in Sources */ = {isa = PBXBuildFile; fileRef = 53AF2A7727268219001A359B /* IndependentUITestsLaunchTests.swift */; };
		53AF2A8927268665001A359B /* UIViewExtension.swift in Sources */ = {isa = PBXBuildFile; fileRef = 53AF2A8827268665001A359B /* UIViewExtension.swift */; };
		53AF2A8B272695ED001A359B /* GradientView.swift in Sources */ = {isa = PBXBuildFile; fileRef = 53AF2A8A272695ED001A359B /* GradientView.swift */; };
		53AF2A8D27269B1C001A359B /* GradientButton.swift in Sources */ = {isa = PBXBuildFile; fileRef = 53AF2A8C27269B1C001A359B /* GradientButton.swift */; };
		53AF2A8F2726A29A001A359B /* RegestrationViewModel.swift in Sources */ = {isa = PBXBuildFile; fileRef = 53AF2A8E2726A29A001A359B /* RegestrationViewModel.swift */; };
		53AF2A912726ABCF001A359B /* GoogleService-Info.plist in Resources */ = {isa = PBXBuildFile; fileRef = 53AF2A902726ABCF001A359B /* GoogleService-Info.plist */; };
		53E029182746566D00405D64 /* EventsManager.swift in Sources */ = {isa = PBXBuildFile; fileRef = 53E029172746566D00405D64 /* EventsManager.swift */; };
		53EDDADC272A7B4200CEB83F /* loader.json in Resources */ = {isa = PBXBuildFile; fileRef = 53EDDADB272A7B4200CEB83F /* loader.json */; };
		7603209FB83ECD820F31D8DB /* Pods_Independent.framework in Frameworks */ = {isa = PBXBuildFile; fileRef = 8B17269E3B8AE32E90BE90E5 /* Pods_Independent.framework */; };
/* End PBXBuildFile section */

/* Begin PBXContainerItemProxy section */
		53AF2A6827268219001A359B /* PBXContainerItemProxy */ = {
			isa = PBXContainerItemProxy;
			containerPortal = 53AF2A4927268216001A359B /* Project object */;
			proxyType = 1;
			remoteGlobalIDString = 53AF2A5027268216001A359B;
			remoteInfo = Independent;
		};
		53AF2A7227268219001A359B /* PBXContainerItemProxy */ = {
			isa = PBXContainerItemProxy;
			containerPortal = 53AF2A4927268216001A359B /* Project object */;
			proxyType = 1;
			remoteGlobalIDString = 53AF2A5027268216001A359B;
			remoteInfo = Independent;
		};
/* End PBXContainerItemProxy section */

/* Begin PBXFileReference section */
		530FC967272ABC9A0098407F /* LeadCollectionViewCell.swift */ = {isa = PBXFileReference; lastKnownFileType = sourcecode.swift; path = LeadCollectionViewCell.swift; sourceTree = "<group>"; };
		530FC969272AC38A0098407F /* LeadViewModel.swift */ = {isa = PBXFileReference; lastKnownFileType = sourcecode.swift; path = LeadViewModel.swift; sourceTree = "<group>"; };
		530FC96B272AC3B40098407F /* LeadCollectionViewCellViewModel.swift */ = {isa = PBXFileReference; lastKnownFileType = sourcecode.swift; path = LeadCollectionViewCellViewModel.swift; sourceTree = "<group>"; };
		530FC96E272BD5900098407F /* LeadTableViewCell.swift */ = {isa = PBXFileReference; lastKnownFileType = sourcecode.swift; path = LeadTableViewCell.swift; sourceTree = "<group>"; };
		53120D8227284DF2002CB090 /* ATCTextfield.swift */ = {isa = PBXFileReference; lastKnownFileType = sourcecode.swift; path = ATCTextfield.swift; sourceTree = "<group>"; };
		5312CF65272A91C3007001A5 /* LeadViewController.swift */ = {isa = PBXFileReference; lastKnownFileType = sourcecode.swift; path = LeadViewController.swift; sourceTree = "<group>"; };
		5312CFA3272A937D007001A5 /* TabBarViewController.swift */ = {isa = PBXFileReference; lastKnownFileType = sourcecode.swift; path = TabBarViewController.swift; sourceTree = "<group>"; };
		5312CFA5272A9546007001A5 /* SettingsViewController.swift */ = {isa = PBXFileReference; lastKnownFileType = sourcecode.swift; path = SettingsViewController.swift; sourceTree = "<group>"; };
		5312CFA7272A9576007001A5 /* CalendarViewController.swift */ = {isa = PBXFileReference; lastKnownFileType = sourcecode.swift; path = CalendarViewController.swift; sourceTree = "<group>"; };
		5312CFA9272A95B9007001A5 /* FinanceViewController.swift */ = {isa = PBXFileReference; lastKnownFileType = sourcecode.swift; path = FinanceViewController.swift; sourceTree = "<group>"; };
		5312CFAD272AA8E4007001A5 /* SOTabBar.swift */ = {isa = PBXFileReference; lastKnownFileType = sourcecode.swift; path = SOTabBar.swift; sourceTree = "<group>"; };
		5312CFAF272AA91D007001A5 /* SOTabBarController.swift */ = {isa = PBXFileReference; lastKnownFileType = sourcecode.swift; path = SOTabBarController.swift; sourceTree = "<group>"; };
		5312CFB1272AA94D007001A5 /* SOTabBarItem.swift */ = {isa = PBXFileReference; lastKnownFileType = sourcecode.swift; path = SOTabBarItem.swift; sourceTree = "<group>"; };
		5312CFB3272AA981007001A5 /* SOTabBarSettings.swift */ = {isa = PBXFileReference; lastKnownFileType = sourcecode.swift; path = SOTabBarSettings.swift; sourceTree = "<group>"; };
		5318452E274A4FAB00DC57CF /* SplashScreenViewController.swift */ = {isa = PBXFileReference; lastKnownFileType = sourcecode.swift; path = SplashScreenViewController.swift; sourceTree = "<group>"; };
		53184530274A4FBD00DC57CF /* SplashScreenViewModel.swift */ = {isa = PBXFileReference; lastKnownFileType = sourcecode.swift; path = SplashScreenViewModel.swift; sourceTree = "<group>"; };
		53184533274BC65D00DC57CF /* Mission.swift */ = {isa = PBXFileReference; lastKnownFileType = sourcecode.swift; path = Mission.swift; sourceTree = "<group>"; };
		53184535274BC72D00DC57CF /* MissionTableViewCellViewModel.swift */ = {isa = PBXFileReference; lastKnownFileType = sourcecode.swift; path = MissionTableViewCellViewModel.swift; sourceTree = "<group>"; };
		53184537274BCBAD00DC57CF /* MissionTableViewCell.swift */ = {isa = PBXFileReference; lastKnownFileType = sourcecode.swift; path = MissionTableViewCell.swift; sourceTree = "<group>"; };
		53184539274BCFA600DC57CF /* CreateMissionViewController.swift */ = {isa = PBXFileReference; lastKnownFileType = sourcecode.swift; path = CreateMissionViewController.swift; sourceTree = "<group>"; };
		5318453B274BD11700DC57CF /* CreateMissionViewModel.swift */ = {isa = PBXFileReference; lastKnownFileType = sourcecode.swift; path = CreateMissionViewModel.swift; sourceTree = "<group>"; };
		5318453D274BD1A800DC57CF /* CreateMissionTableViewCell.swift */ = {isa = PBXFileReference; lastKnownFileType = sourcecode.swift; path = CreateMissionTableViewCell.swift; sourceTree = "<group>"; };
		5318453F274BD1C100DC57CF /* CreateMissionTableViewCellViewModel.swift */ = {isa = PBXFileReference; lastKnownFileType = sourcecode.swift; path = CreateMissionTableViewCellViewModel.swift; sourceTree = "<group>"; };
		5318454127537AB000DC57CF /* Event.swift */ = {isa = PBXFileReference; lastKnownFileType = sourcecode.swift; path = Event.swift; sourceTree = "<group>"; };
		53184543275A05A700DC57CF /* ReminderTableViewCell.swift */ = {isa = PBXFileReference; lastKnownFileType = sourcecode.swift; path = ReminderTableViewCell.swift; sourceTree = "<group>"; };
		53184545275A05C700DC57CF /* ReminderViewController.swift */ = {isa = PBXFileReference; lastKnownFileType = sourcecode.swift; path = ReminderViewController.swift; sourceTree = "<group>"; };
		53184547275A06DB00DC57CF /* ReminderViewModel.swift */ = {isa = PBXFileReference; lastKnownFileType = sourcecode.swift; path = ReminderViewModel.swift; sourceTree = "<group>"; };
		53184549275A072E00DC57CF /* ReminderTime.swift */ = {isa = PBXFileReference; lastKnownFileType = sourcecode.swift; path = ReminderTime.swift; sourceTree = "<group>"; };
		5318454B275A0A1100DC57CF /* ReminderTableViewCellViewModel.swift */ = {isa = PBXFileReference; lastKnownFileType = sourcecode.swift; path = ReminderTableViewCellViewModel.swift; sourceTree = "<group>"; };
		5325664027634C5400DF302E /* FinanceViewModel.swift */ = {isa = PBXFileReference; lastKnownFileType = sourcecode.swift; path = FinanceViewModel.swift; sourceTree = "<group>"; };
		532566422763516700DF302E /* FinanceCollectionViewCellViewModel.swift */ = {isa = PBXFileReference; lastKnownFileType = sourcecode.swift; path = FinanceCollectionViewCellViewModel.swift; sourceTree = "<group>"; };
		532566442763519500DF302E /* FinanceCollectionViewCell.swift */ = {isa = PBXFileReference; lastKnownFileType = sourcecode.swift; path = FinanceCollectionViewCell.swift; sourceTree = "<group>"; };
		53256646276377B600DF302E /* Income.swift */ = {isa = PBXFileReference; lastKnownFileType = sourcecode.swift; path = Income.swift; sourceTree = "<group>"; };
		532566482763848200DF302E /* IncomeTableViewCell.swift */ = {isa = PBXFileReference; lastKnownFileType = sourcecode.swift; path = IncomeTableViewCell.swift; sourceTree = "<group>"; };
		5325664A2763849A00DF302E /* IncomeTableViewCellViewModel.swift */ = {isa = PBXFileReference; lastKnownFileType = sourcecode.swift; path = IncomeTableViewCellViewModel.swift; sourceTree = "<group>"; };
		5325664C2763917800DF302E /* FinanceManager.swift */ = {isa = PBXFileReference; lastKnownFileType = sourcecode.swift; path = FinanceManager.swift; sourceTree = "<group>"; };
		5333ACC7272E979700CC89B1 /* CreateLeadViewController.swift */ = {isa = PBXFileReference; lastKnownFileType = sourcecode.swift; path = CreateLeadViewController.swift; sourceTree = "<group>"; };
		533D5B95272A7DDC00B2A48D /* AnimationManager.swift */ = {isa = PBXFileReference; lastKnownFileType = sourcecode.swift; path = AnimationManager.swift; sourceTree = "<group>"; };
		5340B10E2726BD14002E5672 /* DataBaseManager.swift */ = {isa = PBXFileReference; lastKnownFileType = sourcecode.swift; path = DataBaseManager.swift; sourceTree = "<group>"; };
		5340B1102726BD93002E5672 /* AuthManager.swift */ = {isa = PBXFileReference; lastKnownFileType = sourcecode.swift; path = AuthManager.swift; sourceTree = "<group>"; };
		5340B1122726CECD002E5672 /* VerifcationViewController.swift */ = {isa = PBXFileReference; lastKnownFileType = sourcecode.swift; path = VerifcationViewController.swift; sourceTree = "<group>"; };
		5340B1142726D1AE002E5672 /* Independent.entitlements */ = {isa = PBXFileReference; lastKnownFileType = text.plist.entitlements; path = Independent.entitlements; sourceTree = "<group>"; };
		5340B1152726D223002E5672 /* VerifcationViewModel.swift */ = {isa = PBXFileReference; lastKnownFileType = sourcecode.swift; path = VerifcationViewModel.swift; sourceTree = "<group>"; };
		5340B11B2726D7BD002E5672 /* MainViewController.swift */ = {isa = PBXFileReference; lastKnownFileType = sourcecode.swift; path = MainViewController.swift; sourceTree = "<group>"; };
		535B21342737DD2000ADABAE /* CloudKit.framework */ = {isa = PBXFileReference; lastKnownFileType = wrapper.framework; name = CloudKit.framework; path = System/Library/Frameworks/CloudKit.framework; sourceTree = SDKROOT; };
		535B213B2738008D00ADABAE /* CreateLeadViewModel.swift */ = {isa = PBXFileReference; lastKnownFileType = sourcecode.swift; path = CreateLeadViewModel.swift; sourceTree = "<group>"; };
		535B21422741480800ADABAE /* EditLeadSummryViewController.swift */ = {isa = PBXFileReference; lastKnownFileType = sourcecode.swift; path = EditLeadSummryViewController.swift; sourceTree = "<group>"; };
		535B21442741481800ADABAE /* EditLeadSummryViewModel.swift */ = {isa = PBXFileReference; lastKnownFileType = sourcecode.swift; path = EditLeadSummryViewModel.swift; sourceTree = "<group>"; };
		535B2147274255E600ADABAE /* CalendarViewModel.swift */ = {isa = PBXFileReference; lastKnownFileType = sourcecode.swift; path = CalendarViewModel.swift; sourceTree = "<group>"; };
		535B214B27426EDD00ADABAE /* ViewControllers.swift */ = {isa = PBXFileReference; lastKnownFileType = sourcecode.swift; path = ViewControllers.swift; sourceTree = "<group>"; };
		535B214D27427BAE00ADABAE /* ErrorAlertViewController.swift */ = {isa = PBXFileReference; lastKnownFileType = sourcecode.swift; path = ErrorAlertViewController.swift; sourceTree = "<group>"; };
		535B214F27427F8300ADABAE /* LeadManager.swift */ = {isa = PBXFileReference; lastKnownFileType = sourcecode.swift; path = LeadManager.swift; sourceTree = "<group>"; };
		535B215227428F0B00ADABAE /* DealTableViewCell.swift */ = {isa = PBXFileReference; lastKnownFileType = sourcecode.swift; path = DealTableViewCell.swift; sourceTree = "<group>"; };
		535B215427428F8700ADABAE /* DealTableViewCellViewModel.swift */ = {isa = PBXFileReference; lastKnownFileType = sourcecode.swift; path = DealTableViewCellViewModel.swift; sourceTree = "<group>"; };
		535B2156274394AA00ADABAE /* Deal.swift */ = {isa = PBXFileReference; lastKnownFileType = sourcecode.swift; path = Deal.swift; sourceTree = "<group>"; };
		535B2158274396B300ADABAE /* CreateDealTableViewCell.swift */ = {isa = PBXFileReference; lastKnownFileType = sourcecode.swift; path = CreateDealTableViewCell.swift; sourceTree = "<group>"; };
		535B215A274396CC00ADABAE /* CreateDealViewController.swift */ = {isa = PBXFileReference; lastKnownFileType = sourcecode.swift; path = CreateDealViewController.swift; sourceTree = "<group>"; };
		535B215C274396EE00ADABAE /* CreateDealViewModel.swift */ = {isa = PBXFileReference; lastKnownFileType = sourcecode.swift; path = CreateDealViewModel.swift; sourceTree = "<group>"; };
		535B215E2743971700ADABAE /* CreateDealTableViewCellViewModel.swift */ = {isa = PBXFileReference; lastKnownFileType = sourcecode.swift; path = CreateDealTableViewCellViewModel.swift; sourceTree = "<group>"; };
		535B21612745243F00ADABAE /* PlacesTableViewCell.swift */ = {isa = PBXFileReference; lastKnownFileType = sourcecode.swift; path = PlacesTableViewCell.swift; sourceTree = "<group>"; };
		535B21632745302500ADABAE /* PlacesTableViewCellViewModel.swift */ = {isa = PBXFileReference; lastKnownFileType = sourcecode.swift; path = PlacesTableViewCellViewModel.swift; sourceTree = "<group>"; };
		535B5F75272C1F6E00992283 /* LeadTableViewCellViewModel.swift */ = {isa = PBXFileReference; lastKnownFileType = sourcecode.swift; path = LeadTableViewCellViewModel.swift; sourceTree = "<group>"; };
		535B5F77272C209F00992283 /* Lead.swift */ = {isa = PBXFileReference; lastKnownFileType = sourcecode.swift; path = Lead.swift; sourceTree = "<group>"; };
		538769EB2763948C007AA7E1 /* CreateIncomeViewController.swift */ = {isa = PBXFileReference; lastKnownFileType = sourcecode.swift; path = CreateIncomeViewController.swift; sourceTree = "<group>"; };
		538769ED276394A1007AA7E1 /* CreateIncomeViewModel.swift */ = {isa = PBXFileReference; lastKnownFileType = sourcecode.swift; path = CreateIncomeViewModel.swift; sourceTree = "<group>"; };
		53AF2A5127268216001A359B /* Independent.app */ = {isa = PBXFileReference; explicitFileType = wrapper.application; includeInIndex = 0; path = Independent.app; sourceTree = BUILT_PRODUCTS_DIR; };
		53AF2A5427268216001A359B /* AppDelegate.swift */ = {isa = PBXFileReference; lastKnownFileType = sourcecode.swift; path = AppDelegate.swift; sourceTree = "<group>"; };
		53AF2A5627268216001A359B /* SceneDelegate.swift */ = {isa = PBXFileReference; lastKnownFileType = sourcecode.swift; path = SceneDelegate.swift; sourceTree = "<group>"; };
		53AF2A5827268216001A359B /* RegestrationViewController.swift */ = {isa = PBXFileReference; lastKnownFileType = sourcecode.swift; path = RegestrationViewController.swift; sourceTree = "<group>"; };
		53AF2A5D27268219001A359B /* Assets.xcassets */ = {isa = PBXFileReference; lastKnownFileType = folder.assetcatalog; path = Assets.xcassets; sourceTree = "<group>"; };
		53AF2A6227268219001A359B /* Info.plist */ = {isa = PBXFileReference; lastKnownFileType = text.plist.xml; path = Info.plist; sourceTree = "<group>"; };
		53AF2A6727268219001A359B /* IndependentTests.xctest */ = {isa = PBXFileReference; explicitFileType = wrapper.cfbundle; includeInIndex = 0; path = IndependentTests.xctest; sourceTree = BUILT_PRODUCTS_DIR; };
		53AF2A6B27268219001A359B /* IndependentTests.swift */ = {isa = PBXFileReference; lastKnownFileType = sourcecode.swift; path = IndependentTests.swift; sourceTree = "<group>"; };
		53AF2A7127268219001A359B /* IndependentUITests.xctest */ = {isa = PBXFileReference; explicitFileType = wrapper.cfbundle; includeInIndex = 0; path = IndependentUITests.xctest; sourceTree = BUILT_PRODUCTS_DIR; };
		53AF2A7527268219001A359B /* IndependentUITests.swift */ = {isa = PBXFileReference; lastKnownFileType = sourcecode.swift; path = IndependentUITests.swift; sourceTree = "<group>"; };
		53AF2A7727268219001A359B /* IndependentUITestsLaunchTests.swift */ = {isa = PBXFileReference; lastKnownFileType = sourcecode.swift; path = IndependentUITestsLaunchTests.swift; sourceTree = "<group>"; };
		53AF2A8427268274001A359B /* he */ = {isa = PBXFileReference; lastKnownFileType = text.plist.strings; name = he; path = he.lproj/Main.strings; sourceTree = "<group>"; };
		53AF2A8527268275001A359B /* he */ = {isa = PBXFileReference; lastKnownFileType = text.plist.strings; name = he; path = he.lproj/LaunchScreen.strings; sourceTree = "<group>"; };
		53AF2A862726827C001A359B /* he */ = {isa = PBXFileReference; lastKnownFileType = file.storyboard; name = he; path = he.lproj/LaunchScreen.storyboard; sourceTree = "<group>"; };
		53AF2A872726827D001A359B /* he */ = {isa = PBXFileReference; lastKnownFileType = file.storyboard; name = he; path = he.lproj/Main.storyboard; sourceTree = "<group>"; };
		53AF2A8827268665001A359B /* UIViewExtension.swift */ = {isa = PBXFileReference; lastKnownFileType = sourcecode.swift; path = UIViewExtension.swift; sourceTree = "<group>"; };
		53AF2A8A272695ED001A359B /* GradientView.swift */ = {isa = PBXFileReference; lastKnownFileType = sourcecode.swift; path = GradientView.swift; sourceTree = "<group>"; };
		53AF2A8C27269B1C001A359B /* GradientButton.swift */ = {isa = PBXFileReference; lastKnownFileType = sourcecode.swift; path = GradientButton.swift; sourceTree = "<group>"; };
		53AF2A8E2726A29A001A359B /* RegestrationViewModel.swift */ = {isa = PBXFileReference; lastKnownFileType = sourcecode.swift; path = RegestrationViewModel.swift; sourceTree = "<group>"; };
		53AF2A902726ABCF001A359B /* GoogleService-Info.plist */ = {isa = PBXFileReference; fileEncoding = 4; lastKnownFileType = text.plist.xml; path = "GoogleService-Info.plist"; sourceTree = "<group>"; };
		53E029172746566D00405D64 /* EventsManager.swift */ = {isa = PBXFileReference; lastKnownFileType = sourcecode.swift; path = EventsManager.swift; sourceTree = "<group>"; };
		53EDDADB272A7B4200CEB83F /* loader.json */ = {isa = PBXFileReference; fileEncoding = 4; lastKnownFileType = text.json; path = loader.json; sourceTree = "<group>"; };
		8B17269E3B8AE32E90BE90E5 /* Pods_Independent.framework */ = {isa = PBXFileReference; explicitFileType = wrapper.framework; includeInIndex = 0; path = Pods_Independent.framework; sourceTree = BUILT_PRODUCTS_DIR; };
		B9CC736E48E8B2B088288D72 /* Pods-Independent.release.xcconfig */ = {isa = PBXFileReference; includeInIndex = 1; lastKnownFileType = text.xcconfig; name = "Pods-Independent.release.xcconfig"; path = "Target Support Files/Pods-Independent/Pods-Independent.release.xcconfig"; sourceTree = "<group>"; };
		E3A9393EE100D8E668735533 /* Pods-Independent.debug.xcconfig */ = {isa = PBXFileReference; includeInIndex = 1; lastKnownFileType = text.xcconfig; name = "Pods-Independent.debug.xcconfig"; path = "Target Support Files/Pods-Independent/Pods-Independent.debug.xcconfig"; sourceTree = "<group>"; };
/* End PBXFileReference section */

/* Begin PBXFrameworksBuildPhase section */
		53AF2A4E27268216001A359B /* Frameworks */ = {
			isa = PBXFrameworksBuildPhase;
			buildActionMask = 2147483647;
			files = (
				7603209FB83ECD820F31D8DB /* Pods_Independent.framework in Frameworks */,
				535B21352737DD2000ADABAE /* CloudKit.framework in Frameworks */,
			);
			runOnlyForDeploymentPostprocessing = 0;
		};
		53AF2A6427268219001A359B /* Frameworks */ = {
			isa = PBXFrameworksBuildPhase;
			buildActionMask = 2147483647;
			files = (
			);
			runOnlyForDeploymentPostprocessing = 0;
		};
		53AF2A6E27268219001A359B /* Frameworks */ = {
			isa = PBXFrameworksBuildPhase;
			buildActionMask = 2147483647;
			files = (
			);
			runOnlyForDeploymentPostprocessing = 0;
		};
/* End PBXFrameworksBuildPhase section */

/* Begin PBXGroup section */
		530FC966272AAAA50098407F /* SOTabBar */ = {
			isa = PBXGroup;
			children = (
				5312CFAD272AA8E4007001A5 /* SOTabBar.swift */,
				5312CFAF272AA91D007001A5 /* SOTabBarController.swift */,
				5312CFB1272AA94D007001A5 /* SOTabBarItem.swift */,
				5312CFB3272AA981007001A5 /* SOTabBarSettings.swift */,
			);
			path = SOTabBar;
			sourceTree = "<group>";
		};
		530FC96D272BCB7B0098407F /* Lead */ = {
			isa = PBXGroup;
			children = (
				5312CF65272A91C3007001A5 /* LeadViewController.swift */,
				530FC969272AC38A0098407F /* LeadViewModel.swift */,
				530FC967272ABC9A0098407F /* LeadCollectionViewCell.swift */,
				530FC96B272AC3B40098407F /* LeadCollectionViewCellViewModel.swift */,
				530FC96E272BD5900098407F /* LeadTableViewCell.swift */,
				535B5F75272C1F6E00992283 /* LeadTableViewCellViewModel.swift */,
				535B213D273A5ECF00ADABAE /* CreateLead */,
				535B21462741481D00ADABAE /* EditLeadSummry */,
			);
			path = Lead;
			sourceTree = "<group>";
		};
		530FC970272C16320098407F /* Helpers */ = {
			isa = PBXGroup;
			children = (
				53AF2A8A272695ED001A359B /* GradientView.swift */,
				53AF2A8C27269B1C001A359B /* GradientButton.swift */,
				53120D8227284DF2002CB090 /* ATCTextfield.swift */,
				535B214B27426EDD00ADABAE /* ViewControllers.swift */,
				53AF2A8827268665001A359B /* UIViewExtension.swift */,
				530FC966272AAAA50098407F /* SOTabBar */,
			);
			path = Helpers;
			sourceTree = "<group>";
		};
		53184532274A4FD300DC57CF /* SplashScreen */ = {
			isa = PBXGroup;
			children = (
				5318452E274A4FAB00DC57CF /* SplashScreenViewController.swift */,
				53184530274A4FBD00DC57CF /* SplashScreenViewModel.swift */,
			);
			path = SplashScreen;
			sourceTree = "<group>";
		};
		5322FB60275A7DEA00809C1F /* CreateDeal */ = {
			isa = PBXGroup;
			children = (
				535B215A274396CC00ADABAE /* CreateDealViewController.swift */,
				535B215C274396EE00ADABAE /* CreateDealViewModel.swift */,
				535B2158274396B300ADABAE /* CreateDealTableViewCell.swift */,
				535B215E2743971700ADABAE /* CreateDealTableViewCellViewModel.swift */,
			);
			path = CreateDeal;
			sourceTree = "<group>";
		};
		5322FB61275A7DF900809C1F /* CreateMission */ = {
			isa = PBXGroup;
			children = (
				53184539274BCFA600DC57CF /* CreateMissionViewController.swift */,
				5318453B274BD11700DC57CF /* CreateMissionViewModel.swift */,
				5318453D274BD1A800DC57CF /* CreateMissionTableViewCell.swift */,
				5318453F274BD1C100DC57CF /* CreateMissionTableViewCellViewModel.swift */,
			);
			path = CreateMission;
			sourceTree = "<group>";
		};
		5322FB62275A7E1300809C1F /* Reminder */ = {
			isa = PBXGroup;
			children = (
				53184545275A05C700DC57CF /* ReminderViewController.swift */,
				53184547275A06DB00DC57CF /* ReminderViewModel.swift */,
				53184543275A05A700DC57CF /* ReminderTableViewCell.swift */,
				5318454B275A0A1100DC57CF /* ReminderTableViewCellViewModel.swift */,
			);
			path = Reminder;
			sourceTree = "<group>";
		};
		5322FB63275A7E2F00809C1F /* Deal */ = {
			isa = PBXGroup;
			children = (
				535B215227428F0B00ADABAE /* DealTableViewCell.swift */,
				535B215427428F8700ADABAE /* DealTableViewCellViewModel.swift */,
			);
			path = Deal;
			sourceTree = "<group>";
		};
		5322FB64275A7E3A00809C1F /* Mission */ = {
			isa = PBXGroup;
			children = (
				53184537274BCBAD00DC57CF /* MissionTableViewCell.swift */,
				53184535274BC72D00DC57CF /* MissionTableViewCellViewModel.swift */,
			);
			path = Mission;
			sourceTree = "<group>";
		};
		5340B1172726D6E3002E5672 /* Managers */ = {
			isa = PBXGroup;
			children = (
				5340B10E2726BD14002E5672 /* DataBaseManager.swift */,
				5340B1102726BD93002E5672 /* AuthManager.swift */,
				533D5B95272A7DDC00B2A48D /* AnimationManager.swift */,
				535B214F27427F8300ADABAE /* LeadManager.swift */,
				53E029172746566D00405D64 /* EventsManager.swift */,
				5325664C2763917800DF302E /* FinanceManager.swift */,
			);
			path = Managers;
			sourceTree = "<group>";
		};
		5340B1182726D6EE002E5672 /* Regestration */ = {
			isa = PBXGroup;
			children = (
				53AF2A5827268216001A359B /* RegestrationViewController.swift */,
				53AF2A8E2726A29A001A359B /* RegestrationViewModel.swift */,
			);
			path = Regestration;
			sourceTree = "<group>";
		};
		5340B1192726D6FB002E5672 /* Verification */ = {
			isa = PBXGroup;
			children = (
				5340B1122726CECD002E5672 /* VerifcationViewController.swift */,
				5340B1152726D223002E5672 /* VerifcationViewModel.swift */,
			);
			path = Verification;
			sourceTree = "<group>";
		};
		5340B11A2726D710002E5672 /* Modules */ = {
			isa = PBXGroup;
			children = (
				535B215127428C1500ADABAE /* ErrorAlert */,
				5340B1182726D6EE002E5672 /* Regestration */,
				5340B1192726D6FB002E5672 /* Verification */,
				53184532274A4FD300DC57CF /* SplashScreen */,
				535B5F7B272C25C400992283 /* TabBar */,
				535B5F7A272C25B500992283 /* Main */,
				535B5F7D272C25E900992283 /* Calendar */,
				535B5F7E272C25EF00992283 /* Finance */,
				535B5F7C272C25DF00992283 /* Settings */,
				530FC96D272BCB7B0098407F /* Lead */,
			);
			path = Modules;
			sourceTree = "<group>";
		};
		535B213D273A5ECF00ADABAE /* CreateLead */ = {
			isa = PBXGroup;
			children = (
				5333ACC7272E979700CC89B1 /* CreateLeadViewController.swift */,
				535B213B2738008D00ADABAE /* CreateLeadViewModel.swift */,
			);
			path = CreateLead;
			sourceTree = "<group>";
		};
		535B21462741481D00ADABAE /* EditLeadSummry */ = {
			isa = PBXGroup;
			children = (
				535B21422741480800ADABAE /* EditLeadSummryViewController.swift */,
				535B21442741481800ADABAE /* EditLeadSummryViewModel.swift */,
			);
			path = EditLeadSummry;
			sourceTree = "<group>";
		};
		535B215127428C1500ADABAE /* ErrorAlert */ = {
			isa = PBXGroup;
			children = (
				535B214D27427BAE00ADABAE /* ErrorAlertViewController.swift */,
			);
			path = ErrorAlert;
			sourceTree = "<group>";
		};
		535B21602743973200ADABAE /* CreateEvent */ = {
			isa = PBXGroup;
			children = (
				5322FB60275A7DEA00809C1F /* CreateDeal */,
				5322FB61275A7DF900809C1F /* CreateMission */,
				5322FB62275A7E1300809C1F /* Reminder */,
				535B21612745243F00ADABAE /* PlacesTableViewCell.swift */,
				535B21632745302500ADABAE /* PlacesTableViewCellViewModel.swift */,
			);
			path = CreateEvent;
			sourceTree = "<group>";
		};
		535B5F79272C231600992283 /* Models */ = {
			isa = PBXGroup;
			children = (
				535B5F77272C209F00992283 /* Lead.swift */,
				535B2156274394AA00ADABAE /* Deal.swift */,
				53184533274BC65D00DC57CF /* Mission.swift */,
				5318454127537AB000DC57CF /* Event.swift */,
				53184549275A072E00DC57CF /* ReminderTime.swift */,
				53256646276377B600DF302E /* Income.swift */,
			);
			path = Models;
			sourceTree = "<group>";
		};
		535B5F7A272C25B500992283 /* Main */ = {
			isa = PBXGroup;
			children = (
				5340B11B2726D7BD002E5672 /* MainViewController.swift */,
			);
			path = Main;
			sourceTree = "<group>";
		};
		535B5F7B272C25C400992283 /* TabBar */ = {
			isa = PBXGroup;
			children = (
				5312CFA3272A937D007001A5 /* TabBarViewController.swift */,
			);
			path = TabBar;
			sourceTree = "<group>";
		};
		535B5F7C272C25DF00992283 /* Settings */ = {
			isa = PBXGroup;
			children = (
				5312CFA5272A9546007001A5 /* SettingsViewController.swift */,
			);
			path = Settings;
			sourceTree = "<group>";
		};
		535B5F7D272C25E900992283 /* Calendar */ = {
			isa = PBXGroup;
			children = (
				5312CFA7272A9576007001A5 /* CalendarViewController.swift */,
				535B2147274255E600ADABAE /* CalendarViewModel.swift */,
				5322FB63275A7E2F00809C1F /* Deal */,
				5322FB64275A7E3A00809C1F /* Mission */,
				535B21602743973200ADABAE /* CreateEvent */,
			);
			path = Calendar;
			sourceTree = "<group>";
		};
		535B5F7E272C25EF00992283 /* Finance */ = {
			isa = PBXGroup;
			children = (
				5312CFA9272A95B9007001A5 /* FinanceViewController.swift */,
				5325664027634C5400DF302E /* FinanceViewModel.swift */,
				532566442763519500DF302E /* FinanceCollectionViewCell.swift */,
				532566422763516700DF302E /* FinanceCollectionViewCellViewModel.swift */,
				532566482763848200DF302E /* IncomeTableViewCell.swift */,
				5325664A2763849A00DF302E /* IncomeTableViewCellViewModel.swift */,
				538769EB2763948C007AA7E1 /* CreateIncomeViewController.swift */,
				538769ED276394A1007AA7E1 /* CreateIncomeViewModel.swift */,
			);
			path = Finance;
			sourceTree = "<group>";
		};
		53AF2A4827268216001A359B = {
			isa = PBXGroup;
			children = (
				53AF2A5327268216001A359B /* Independent */,
				53EDDADB272A7B4200CEB83F /* loader.json */,
				53AF2A6A27268219001A359B /* IndependentTests */,
				53AF2A7427268219001A359B /* IndependentUITests */,
				53AF2A5227268216001A359B /* Products */,
				60335F67264EC6120397E75B /* Pods */,
				FD636893DDF852A6CC999BBE /* Frameworks */,
			);
			sourceTree = "<group>";
		};
		53AF2A5227268216001A359B /* Products */ = {
			isa = PBXGroup;
			children = (
				53AF2A5127268216001A359B /* Independent.app */,
				53AF2A6727268219001A359B /* IndependentTests.xctest */,
				53AF2A7127268219001A359B /* IndependentUITests.xctest */,
			);
			name = Products;
			sourceTree = "<group>";
		};
		53AF2A5327268216001A359B /* Independent */ = {
			isa = PBXGroup;
			children = (
				5340B1142726D1AE002E5672 /* Independent.entitlements */,
				53AF2A5427268216001A359B /* AppDelegate.swift */,
				53AF2A5627268216001A359B /* SceneDelegate.swift */,
				535B5F79272C231600992283 /* Models */,
				5340B1172726D6E3002E5672 /* Managers */,
				5340B11A2726D710002E5672 /* Modules */,
				530FC970272C16320098407F /* Helpers */,
				53AF2A5A27268216001A359B /* Main.storyboard */,
				53AF2A5D27268219001A359B /* Assets.xcassets */,
				53AF2A5F27268219001A359B /* LaunchScreen.storyboard */,
				53AF2A6227268219001A359B /* Info.plist */,
				53AF2A902726ABCF001A359B /* GoogleService-Info.plist */,
			);
			path = Independent;
			sourceTree = "<group>";
		};
		53AF2A6A27268219001A359B /* IndependentTests */ = {
			isa = PBXGroup;
			children = (
				53AF2A6B27268219001A359B /* IndependentTests.swift */,
			);
			path = IndependentTests;
			sourceTree = "<group>";
		};
		53AF2A7427268219001A359B /* IndependentUITests */ = {
			isa = PBXGroup;
			children = (
				53AF2A7527268219001A359B /* IndependentUITests.swift */,
				53AF2A7727268219001A359B /* IndependentUITestsLaunchTests.swift */,
			);
			path = IndependentUITests;
			sourceTree = "<group>";
		};
		60335F67264EC6120397E75B /* Pods */ = {
			isa = PBXGroup;
			children = (
				E3A9393EE100D8E668735533 /* Pods-Independent.debug.xcconfig */,
				B9CC736E48E8B2B088288D72 /* Pods-Independent.release.xcconfig */,
			);
			path = Pods;
			sourceTree = "<group>";
		};
		FD636893DDF852A6CC999BBE /* Frameworks */ = {
			isa = PBXGroup;
			children = (
				535B21342737DD2000ADABAE /* CloudKit.framework */,
				8B17269E3B8AE32E90BE90E5 /* Pods_Independent.framework */,
			);
			name = Frameworks;
			sourceTree = "<group>";
		};
/* End PBXGroup section */

/* Begin PBXNativeTarget section */
		53AF2A5027268216001A359B /* Independent */ = {
			isa = PBXNativeTarget;
			buildConfigurationList = 53AF2A7B27268219001A359B /* Build configuration list for PBXNativeTarget "Independent" */;
			buildPhases = (
				08460FBEAA43E3769366A746 /* [CP] Check Pods Manifest.lock */,
				53AF2A4D27268216001A359B /* Sources */,
				53AF2A4E27268216001A359B /* Frameworks */,
				53AF2A4F27268216001A359B /* Resources */,
				3162CDEC67B31969CBE246B1 /* [CP] Embed Pods Frameworks */,
			);
			buildRules = (
			);
			dependencies = (
			);
			name = Independent;
			productName = Independent;
			productReference = 53AF2A5127268216001A359B /* Independent.app */;
			productType = "com.apple.product-type.application";
		};
		53AF2A6627268219001A359B /* IndependentTests */ = {
			isa = PBXNativeTarget;
			buildConfigurationList = 53AF2A7E27268219001A359B /* Build configuration list for PBXNativeTarget "IndependentTests" */;
			buildPhases = (
				53AF2A6327268219001A359B /* Sources */,
				53AF2A6427268219001A359B /* Frameworks */,
				53AF2A6527268219001A359B /* Resources */,
			);
			buildRules = (
			);
			dependencies = (
				53AF2A6927268219001A359B /* PBXTargetDependency */,
			);
			name = IndependentTests;
			productName = IndependentTests;
			productReference = 53AF2A6727268219001A359B /* IndependentTests.xctest */;
			productType = "com.apple.product-type.bundle.unit-test";
		};
		53AF2A7027268219001A359B /* IndependentUITests */ = {
			isa = PBXNativeTarget;
			buildConfigurationList = 53AF2A8127268219001A359B /* Build configuration list for PBXNativeTarget "IndependentUITests" */;
			buildPhases = (
				53AF2A6D27268219001A359B /* Sources */,
				53AF2A6E27268219001A359B /* Frameworks */,
				53AF2A6F27268219001A359B /* Resources */,
			);
			buildRules = (
			);
			dependencies = (
				53AF2A7327268219001A359B /* PBXTargetDependency */,
			);
			name = IndependentUITests;
			productName = IndependentUITests;
			productReference = 53AF2A7127268219001A359B /* IndependentUITests.xctest */;
			productType = "com.apple.product-type.bundle.ui-testing";
		};
/* End PBXNativeTarget section */

/* Begin PBXProject section */
		53AF2A4927268216001A359B /* Project object */ = {
			isa = PBXProject;
			attributes = {
				BuildIndependentTargetsInParallel = 1;
				LastSwiftUpdateCheck = 1300;
				LastUpgradeCheck = 1300;
				TargetAttributes = {
					53AF2A5027268216001A359B = {
						CreatedOnToolsVersion = 13.0;
					};
					53AF2A6627268219001A359B = {
						CreatedOnToolsVersion = 13.0;
						TestTargetID = 53AF2A5027268216001A359B;
					};
					53AF2A7027268219001A359B = {
						CreatedOnToolsVersion = 13.0;
						TestTargetID = 53AF2A5027268216001A359B;
					};
				};
			};
			buildConfigurationList = 53AF2A4C27268216001A359B /* Build configuration list for PBXProject "Independent" */;
			compatibilityVersion = "Xcode 13.0";
			developmentRegion = en;
			hasScannedForEncodings = 0;
			knownRegions = (
				en,
				he,
			);
			mainGroup = 53AF2A4827268216001A359B;
			productRefGroup = 53AF2A5227268216001A359B /* Products */;
			projectDirPath = "";
			projectRoot = "";
			targets = (
				53AF2A5027268216001A359B /* Independent */,
				53AF2A6627268219001A359B /* IndependentTests */,
				53AF2A7027268219001A359B /* IndependentUITests */,
			);
		};
/* End PBXProject section */

/* Begin PBXResourcesBuildPhase section */
		53AF2A4F27268216001A359B /* Resources */ = {
			isa = PBXResourcesBuildPhase;
			buildActionMask = 2147483647;
			files = (
				53AF2A6127268219001A359B /* LaunchScreen.storyboard in Resources */,
				53AF2A912726ABCF001A359B /* GoogleService-Info.plist in Resources */,
				53AF2A5E27268219001A359B /* Assets.xcassets in Resources */,
				53AF2A5C27268216001A359B /* Main.storyboard in Resources */,
				53EDDADC272A7B4200CEB83F /* loader.json in Resources */,
			);
			runOnlyForDeploymentPostprocessing = 0;
		};
		53AF2A6527268219001A359B /* Resources */ = {
			isa = PBXResourcesBuildPhase;
			buildActionMask = 2147483647;
			files = (
			);
			runOnlyForDeploymentPostprocessing = 0;
		};
		53AF2A6F27268219001A359B /* Resources */ = {
			isa = PBXResourcesBuildPhase;
			buildActionMask = 2147483647;
			files = (
			);
			runOnlyForDeploymentPostprocessing = 0;
		};
/* End PBXResourcesBuildPhase section */

/* Begin PBXShellScriptBuildPhase section */
		08460FBEAA43E3769366A746 /* [CP] Check Pods Manifest.lock */ = {
			isa = PBXShellScriptBuildPhase;
			buildActionMask = 2147483647;
			files = (
			);
			inputFileListPaths = (
			);
			inputPaths = (
				"${PODS_PODFILE_DIR_PATH}/Podfile.lock",
				"${PODS_ROOT}/Manifest.lock",
			);
			name = "[CP] Check Pods Manifest.lock";
			outputFileListPaths = (
			);
			outputPaths = (
				"$(DERIVED_FILE_DIR)/Pods-Independent-checkManifestLockResult.txt",
			);
			runOnlyForDeploymentPostprocessing = 0;
			shellPath = /bin/sh;
			shellScript = "diff \"${PODS_PODFILE_DIR_PATH}/Podfile.lock\" \"${PODS_ROOT}/Manifest.lock\" > /dev/null\nif [ $? != 0 ] ; then\n    # print error to STDERR\n    echo \"error: The sandbox is not in sync with the Podfile.lock. Run 'pod install' or update your CocoaPods installation.\" >&2\n    exit 1\nfi\n# This output is used by Xcode 'outputs' to avoid re-running this script phase.\necho \"SUCCESS\" > \"${SCRIPT_OUTPUT_FILE_0}\"\n";
			showEnvVarsInLog = 0;
		};
		3162CDEC67B31969CBE246B1 /* [CP] Embed Pods Frameworks */ = {
			isa = PBXShellScriptBuildPhase;
			buildActionMask = 2147483647;
			files = (
			);
			inputFileListPaths = (
				"${PODS_ROOT}/Target Support Files/Pods-Independent/Pods-Independent-frameworks-${CONFIGURATION}-input-files.xcfilelist",
			);
			name = "[CP] Embed Pods Frameworks";
			outputFileListPaths = (
				"${PODS_ROOT}/Target Support Files/Pods-Independent/Pods-Independent-frameworks-${CONFIGURATION}-output-files.xcfilelist",
			);
			runOnlyForDeploymentPostprocessing = 0;
			shellPath = /bin/sh;
			shellScript = "\"${PODS_ROOT}/Target Support Files/Pods-Independent/Pods-Independent-frameworks.sh\"\n";
			showEnvVarsInLog = 0;
		};
/* End PBXShellScriptBuildPhase section */

/* Begin PBXSourcesBuildPhase section */
		53AF2A4D27268216001A359B /* Sources */ = {
			isa = PBXSourcesBuildPhase;
			buildActionMask = 2147483647;
			files = (
				53256647276377B600DF302E /* Income.swift in Sources */,
				532566432763516700DF302E /* FinanceCollectionViewCellViewModel.swift in Sources */,
				53184544275A05A700DC57CF /* ReminderTableViewCell.swift in Sources */,
				535B21642745302500ADABAE /* PlacesTableViewCellViewModel.swift in Sources */,
				5318453A274BCFA600DC57CF /* CreateMissionViewController.swift in Sources */,
				5312CFA8272A9576007001A5 /* CalendarViewController.swift in Sources */,
				5340B10F2726BD14002E5672 /* DataBaseManager.swift in Sources */,
				53184536274BC72D00DC57CF /* MissionTableViewCellViewModel.swift in Sources */,
				535B214E27427BAE00ADABAE /* ErrorAlertViewController.swift in Sources */,
				5340B1112726BD93002E5672 /* AuthManager.swift in Sources */,
				535B21452741481800ADABAE /* EditLeadSummryViewModel.swift in Sources */,
				535B21622745243F00ADABAE /* PlacesTableViewCell.swift in Sources */,
				535B5F78272C209F00992283 /* Lead.swift in Sources */,
				5312CFA4272A937D007001A5 /* TabBarViewController.swift in Sources */,
				532566492763848200DF302E /* IncomeTableViewCell.swift in Sources */,
				53184531274A4FBD00DC57CF /* SplashScreenViewModel.swift in Sources */,
				5312CFB4272AA981007001A5 /* SOTabBarSettings.swift in Sources */,
				5325664B2763849A00DF302E /* IncomeTableViewCellViewModel.swift in Sources */,
				5312CFA6272A9546007001A5 /* SettingsViewController.swift in Sources */,
				53AF2A5927268216001A359B /* RegestrationViewController.swift in Sources */,
				5340B11C2726D7BD002E5672 /* MainViewController.swift in Sources */,
				533D5B96272A7DDC00B2A48D /* AnimationManager.swift in Sources */,
				530FC96C272AC3B40098407F /* LeadCollectionViewCellViewModel.swift in Sources */,
				5340B1132726CECD002E5672 /* VerifcationViewController.swift in Sources */,
				535B214C27426EDD00ADABAE /* ViewControllers.swift in Sources */,
				53184538274BCBAD00DC57CF /* MissionTableViewCell.swift in Sources */,
				53AF2A8F2726A29A001A359B /* RegestrationViewModel.swift in Sources */,
				53120D8327284DF2002CB090 /* ATCTextfield.swift in Sources */,
				535B215B274396CC00ADABAE /* CreateDealViewController.swift in Sources */,
				530FC968272ABC9A0098407F /* LeadCollectionViewCell.swift in Sources */,
				5312CFAE272AA8E4007001A5 /* SOTabBar.swift in Sources */,
				5318453C274BD11700DC57CF /* CreateMissionViewModel.swift in Sources */,
				535B215027427F8300ADABAE /* LeadManager.swift in Sources */,
				53AF2A8D27269B1C001A359B /* GradientButton.swift in Sources */,
				535B5F76272C1F6E00992283 /* LeadTableViewCellViewModel.swift in Sources */,
				5312CFB0272AA91D007001A5 /* SOTabBarController.swift in Sources */,
				53184546275A05C700DC57CF /* ReminderViewController.swift in Sources */,
				5312CFB2272AA94D007001A5 /* SOTabBarItem.swift in Sources */,
				535B2157274394AA00ADABAE /* Deal.swift in Sources */,
				5333ACC8272E979700CC89B1 /* CreateLeadViewController.swift in Sources */,
				5325664D2763917800DF302E /* FinanceManager.swift in Sources */,
				538769EC2763948C007AA7E1 /* CreateIncomeViewController.swift in Sources */,
				53184534274BC65D00DC57CF /* Mission.swift in Sources */,
				5312CF66272A91C3007001A5 /* LeadViewController.swift in Sources */,
				5318454A275A072E00DC57CF /* ReminderTime.swift in Sources */,
				53AF2A5527268216001A359B /* AppDelegate.swift in Sources */,
				535B215527428F8700ADABAE /* DealTableViewCellViewModel.swift in Sources */,
				53AF2A8B272695ED001A359B /* GradientView.swift in Sources */,
				53E029182746566D00405D64 /* EventsManager.swift in Sources */,
				535B215F2743971700ADABAE /* CreateDealTableViewCellViewModel.swift in Sources */,
				530FC96F272BD5900098407F /* LeadTableViewCell.swift in Sources */,
				535B2148274255E600ADABAE /* CalendarViewModel.swift in Sources */,
				5318452F274A4FAB00DC57CF /* SplashScreenViewController.swift in Sources */,
				535B215327428F0B00ADABAE /* DealTableViewCell.swift in Sources */,
				535B21432741480800ADABAE /* EditLeadSummryViewController.swift in Sources */,
				5325664127634C5400DF302E /* FinanceViewModel.swift in Sources */,
				53184540274BD1C100DC57CF /* CreateMissionTableViewCellViewModel.swift in Sources */,
				535B215D274396EE00ADABAE /* CreateDealViewModel.swift in Sources */,
				5318454227537AB000DC57CF /* Event.swift in Sources */,
				5318453E274BD1A800DC57CF /* CreateMissionTableViewCell.swift in Sources */,
				530FC96A272AC38A0098407F /* LeadViewModel.swift in Sources */,
				5340B1162726D223002E5672 /* VerifcationViewModel.swift in Sources */,
				53AF2A5727268216001A359B /* SceneDelegate.swift in Sources */,
				532566452763519500DF302E /* FinanceCollectionViewCell.swift in Sources */,
				538769EE276394A1007AA7E1 /* CreateIncomeViewModel.swift in Sources */,
				5312CFAA272A95B9007001A5 /* FinanceViewController.swift in Sources */,
				5318454C275A0A1100DC57CF /* ReminderTableViewCellViewModel.swift in Sources */,
				535B213C2738008D00ADABAE /* CreateLeadViewModel.swift in Sources */,
				53184548275A06DB00DC57CF /* ReminderViewModel.swift in Sources */,
				53AF2A8927268665001A359B /* UIViewExtension.swift in Sources */,
				535B2159274396B300ADABAE /* CreateDealTableViewCell.swift in Sources */,
			);
			runOnlyForDeploymentPostprocessing = 0;
		};
		53AF2A6327268219001A359B /* Sources */ = {
			isa = PBXSourcesBuildPhase;
			buildActionMask = 2147483647;
			files = (
				53AF2A6C27268219001A359B /* IndependentTests.swift in Sources */,
			);
			runOnlyForDeploymentPostprocessing = 0;
		};
		53AF2A6D27268219001A359B /* Sources */ = {
			isa = PBXSourcesBuildPhase;
			buildActionMask = 2147483647;
			files = (
				53AF2A7627268219001A359B /* IndependentUITests.swift in Sources */,
				53AF2A7827268219001A359B /* IndependentUITestsLaunchTests.swift in Sources */,
			);
			runOnlyForDeploymentPostprocessing = 0;
		};
/* End PBXSourcesBuildPhase section */

/* Begin PBXTargetDependency section */
		53AF2A6927268219001A359B /* PBXTargetDependency */ = {
			isa = PBXTargetDependency;
			target = 53AF2A5027268216001A359B /* Independent */;
			targetProxy = 53AF2A6827268219001A359B /* PBXContainerItemProxy */;
		};
		53AF2A7327268219001A359B /* PBXTargetDependency */ = {
			isa = PBXTargetDependency;
			target = 53AF2A5027268216001A359B /* Independent */;
			targetProxy = 53AF2A7227268219001A359B /* PBXContainerItemProxy */;
		};
/* End PBXTargetDependency section */

/* Begin PBXVariantGroup section */
		53AF2A5A27268216001A359B /* Main.storyboard */ = {
			isa = PBXVariantGroup;
			children = (
				53AF2A8427268274001A359B /* he */,
				53AF2A872726827D001A359B /* he */,
			);
			name = Main.storyboard;
			sourceTree = "<group>";
		};
		53AF2A5F27268219001A359B /* LaunchScreen.storyboard */ = {
			isa = PBXVariantGroup;
			children = (
				53AF2A8527268275001A359B /* he */,
				53AF2A862726827C001A359B /* he */,
			);
			name = LaunchScreen.storyboard;
			sourceTree = "<group>";
		};
/* End PBXVariantGroup section */

/* Begin XCBuildConfiguration section */
		53AF2A7927268219001A359B /* Debug */ = {
			isa = XCBuildConfiguration;
			buildSettings = {
				ALWAYS_SEARCH_USER_PATHS = NO;
				CLANG_ANALYZER_LOCALIZABILITY_NONLOCALIZED = YES;
				CLANG_ANALYZER_NONNULL = YES;
				CLANG_ANALYZER_NUMBER_OBJECT_CONVERSION = YES_AGGRESSIVE;
				CLANG_CXX_LANGUAGE_STANDARD = "gnu++17";
				CLANG_CXX_LIBRARY = "libc++";
				CLANG_ENABLE_MODULES = YES;
				CLANG_ENABLE_OBJC_ARC = YES;
				CLANG_ENABLE_OBJC_WEAK = YES;
				CLANG_WARN_BLOCK_CAPTURE_AUTORELEASING = YES;
				CLANG_WARN_BOOL_CONVERSION = YES;
				CLANG_WARN_COMMA = YES;
				CLANG_WARN_CONSTANT_CONVERSION = YES;
				CLANG_WARN_DEPRECATED_OBJC_IMPLEMENTATIONS = YES;
				CLANG_WARN_DIRECT_OBJC_ISA_USAGE = YES_ERROR;
				CLANG_WARN_DOCUMENTATION_COMMENTS = YES;
				CLANG_WARN_EMPTY_BODY = YES;
				CLANG_WARN_ENUM_CONVERSION = YES;
				CLANG_WARN_INFINITE_RECURSION = YES;
				CLANG_WARN_INT_CONVERSION = YES;
				CLANG_WARN_NON_LITERAL_NULL_CONVERSION = YES;
				CLANG_WARN_OBJC_IMPLICIT_RETAIN_SELF = YES;
				CLANG_WARN_OBJC_LITERAL_CONVERSION = YES;
				CLANG_WARN_OBJC_ROOT_CLASS = YES_ERROR;
				CLANG_WARN_QUOTED_INCLUDE_IN_FRAMEWORK_HEADER = YES;
				CLANG_WARN_RANGE_LOOP_ANALYSIS = YES;
				CLANG_WARN_STRICT_PROTOTYPES = YES;
				CLANG_WARN_SUSPICIOUS_MOVE = YES;
				CLANG_WARN_UNGUARDED_AVAILABILITY = YES_AGGRESSIVE;
				CLANG_WARN_UNREACHABLE_CODE = YES;
				CLANG_WARN__DUPLICATE_METHOD_MATCH = YES;
				COPY_PHASE_STRIP = NO;
				DEBUG_INFORMATION_FORMAT = dwarf;
				ENABLE_STRICT_OBJC_MSGSEND = YES;
				ENABLE_TESTABILITY = YES;
				GCC_C_LANGUAGE_STANDARD = gnu11;
				GCC_DYNAMIC_NO_PIC = NO;
				GCC_NO_COMMON_BLOCKS = YES;
				GCC_OPTIMIZATION_LEVEL = 0;
				GCC_PREPROCESSOR_DEFINITIONS = (
					"DEBUG=1",
					"$(inherited)",
				);
				GCC_WARN_64_TO_32_BIT_CONVERSION = YES;
				GCC_WARN_ABOUT_RETURN_TYPE = YES_ERROR;
				GCC_WARN_UNDECLARED_SELECTOR = YES;
				GCC_WARN_UNINITIALIZED_AUTOS = YES_AGGRESSIVE;
				GCC_WARN_UNUSED_FUNCTION = YES;
				GCC_WARN_UNUSED_VARIABLE = YES;
				IPHONEOS_DEPLOYMENT_TARGET = 13.0;
				MTL_ENABLE_DEBUG_INFO = INCLUDE_SOURCE;
				MTL_FAST_MATH = YES;
				ONLY_ACTIVE_ARCH = YES;
				SDKROOT = iphoneos;
				SWIFT_ACTIVE_COMPILATION_CONDITIONS = DEBUG;
				SWIFT_OPTIMIZATION_LEVEL = "-Onone";
			};
			name = Debug;
		};
		53AF2A7A27268219001A359B /* Release */ = {
			isa = XCBuildConfiguration;
			buildSettings = {
				ALWAYS_SEARCH_USER_PATHS = NO;
				CLANG_ANALYZER_LOCALIZABILITY_NONLOCALIZED = YES;
				CLANG_ANALYZER_NONNULL = YES;
				CLANG_ANALYZER_NUMBER_OBJECT_CONVERSION = YES_AGGRESSIVE;
				CLANG_CXX_LANGUAGE_STANDARD = "gnu++17";
				CLANG_CXX_LIBRARY = "libc++";
				CLANG_ENABLE_MODULES = YES;
				CLANG_ENABLE_OBJC_ARC = YES;
				CLANG_ENABLE_OBJC_WEAK = YES;
				CLANG_WARN_BLOCK_CAPTURE_AUTORELEASING = YES;
				CLANG_WARN_BOOL_CONVERSION = YES;
				CLANG_WARN_COMMA = YES;
				CLANG_WARN_CONSTANT_CONVERSION = YES;
				CLANG_WARN_DEPRECATED_OBJC_IMPLEMENTATIONS = YES;
				CLANG_WARN_DIRECT_OBJC_ISA_USAGE = YES_ERROR;
				CLANG_WARN_DOCUMENTATION_COMMENTS = YES;
				CLANG_WARN_EMPTY_BODY = YES;
				CLANG_WARN_ENUM_CONVERSION = YES;
				CLANG_WARN_INFINITE_RECURSION = YES;
				CLANG_WARN_INT_CONVERSION = YES;
				CLANG_WARN_NON_LITERAL_NULL_CONVERSION = YES;
				CLANG_WARN_OBJC_IMPLICIT_RETAIN_SELF = YES;
				CLANG_WARN_OBJC_LITERAL_CONVERSION = YES;
				CLANG_WARN_OBJC_ROOT_CLASS = YES_ERROR;
				CLANG_WARN_QUOTED_INCLUDE_IN_FRAMEWORK_HEADER = YES;
				CLANG_WARN_RANGE_LOOP_ANALYSIS = YES;
				CLANG_WARN_STRICT_PROTOTYPES = YES;
				CLANG_WARN_SUSPICIOUS_MOVE = YES;
				CLANG_WARN_UNGUARDED_AVAILABILITY = YES_AGGRESSIVE;
				CLANG_WARN_UNREACHABLE_CODE = YES;
				CLANG_WARN__DUPLICATE_METHOD_MATCH = YES;
				COPY_PHASE_STRIP = NO;
				DEBUG_INFORMATION_FORMAT = "dwarf-with-dsym";
				ENABLE_NS_ASSERTIONS = NO;
				ENABLE_STRICT_OBJC_MSGSEND = YES;
				GCC_C_LANGUAGE_STANDARD = gnu11;
				GCC_NO_COMMON_BLOCKS = YES;
				GCC_WARN_64_TO_32_BIT_CONVERSION = YES;
				GCC_WARN_ABOUT_RETURN_TYPE = YES_ERROR;
				GCC_WARN_UNDECLARED_SELECTOR = YES;
				GCC_WARN_UNINITIALIZED_AUTOS = YES_AGGRESSIVE;
				GCC_WARN_UNUSED_FUNCTION = YES;
				GCC_WARN_UNUSED_VARIABLE = YES;
				IPHONEOS_DEPLOYMENT_TARGET = 13.0;
				MTL_ENABLE_DEBUG_INFO = NO;
				MTL_FAST_MATH = YES;
				SDKROOT = iphoneos;
				SWIFT_COMPILATION_MODE = wholemodule;
				SWIFT_OPTIMIZATION_LEVEL = "-O";
				VALIDATE_PRODUCT = YES;
			};
			name = Release;
		};
		53AF2A7C27268219001A359B /* Debug */ = {
			isa = XCBuildConfiguration;
			baseConfigurationReference = E3A9393EE100D8E668735533 /* Pods-Independent.debug.xcconfig */;
			buildSettings = {
				ASSETCATALOG_COMPILER_APPICON_NAME = AppIcon;
				ASSETCATALOG_COMPILER_GLOBAL_ACCENT_COLOR_NAME = AccentColor;
				CODE_SIGN_ENTITLEMENTS = Independent/Independent.entitlements;
				CODE_SIGN_STYLE = Automatic;
				CURRENT_PROJECT_VERSION = 1;
				DEVELOPMENT_TEAM = UWUP5329Y8;
				GENERATE_INFOPLIST_FILE = YES;
				INFOPLIST_FILE = Independent/Info.plist;
				INFOPLIST_KEY_NSCalendarsUsageDescription = "רוצה לגשת אל הלוח שנה שלך";
				INFOPLIST_KEY_UIApplicationSupportsIndirectInputEvents = YES;
				INFOPLIST_KEY_UILaunchStoryboardName = LaunchScreen;
				INFOPLIST_KEY_UIMainStoryboardFile = Main;
				INFOPLIST_KEY_UISupportedInterfaceOrientations_iPad = "UIInterfaceOrientationPortrait UIInterfaceOrientationPortraitUpsideDown UIInterfaceOrientationLandscapeLeft UIInterfaceOrientationLandscapeRight";
				INFOPLIST_KEY_UISupportedInterfaceOrientations_iPhone = "UIInterfaceOrientationPortrait UIInterfaceOrientationLandscapeLeft UIInterfaceOrientationLandscapeRight";
				IPHONEOS_DEPLOYMENT_TARGET = 13.0;
				LD_RUNPATH_SEARCH_PATHS = (
					"$(inherited)",
					"@executable_path/Frameworks",
				);
				MARKETING_VERSION = 1.0;
				PRODUCT_BUNDLE_IDENTIFIER = idan2700.Independent;
				PRODUCT_NAME = "$(TARGET_NAME)";
				SWIFT_EMIT_LOC_STRINGS = YES;
				SWIFT_VERSION = 5.0;
				TARGETED_DEVICE_FAMILY = 1;
			};
			name = Debug;
		};
		53AF2A7D27268219001A359B /* Release */ = {
			isa = XCBuildConfiguration;
			baseConfigurationReference = B9CC736E48E8B2B088288D72 /* Pods-Independent.release.xcconfig */;
			buildSettings = {
				ASSETCATALOG_COMPILER_APPICON_NAME = AppIcon;
				ASSETCATALOG_COMPILER_GLOBAL_ACCENT_COLOR_NAME = AccentColor;
				CODE_SIGN_ENTITLEMENTS = Independent/Independent.entitlements;
				CODE_SIGN_STYLE = Automatic;
				CURRENT_PROJECT_VERSION = 1;
				DEVELOPMENT_TEAM = UWUP5329Y8;
				GENERATE_INFOPLIST_FILE = YES;
				INFOPLIST_FILE = Independent/Info.plist;
				INFOPLIST_KEY_NSCalendarsUsageDescription = "רוצה לגשת אל הלוח שנה שלך";
				INFOPLIST_KEY_UIApplicationSupportsIndirectInputEvents = YES;
				INFOPLIST_KEY_UILaunchStoryboardName = LaunchScreen;
				INFOPLIST_KEY_UIMainStoryboardFile = Main;
				INFOPLIST_KEY_UISupportedInterfaceOrientations_iPad = "UIInterfaceOrientationPortrait UIInterfaceOrientationPortraitUpsideDown UIInterfaceOrientationLandscapeLeft UIInterfaceOrientationLandscapeRight";
				INFOPLIST_KEY_UISupportedInterfaceOrientations_iPhone = "UIInterfaceOrientationPortrait UIInterfaceOrientationLandscapeLeft UIInterfaceOrientationLandscapeRight";
				IPHONEOS_DEPLOYMENT_TARGET = 13.0;
				LD_RUNPATH_SEARCH_PATHS = (
					"$(inherited)",
					"@executable_path/Frameworks",
				);
				MARKETING_VERSION = 1.0;
				PRODUCT_BUNDLE_IDENTIFIER = idan2700.Independent;
				PRODUCT_NAME = "$(TARGET_NAME)";
				SWIFT_EMIT_LOC_STRINGS = YES;
				SWIFT_VERSION = 5.0;
				TARGETED_DEVICE_FAMILY = 1;
			};
			name = Release;
		};
		53AF2A7F27268219001A359B /* Debug */ = {
			isa = XCBuildConfiguration;
			buildSettings = {
				ALWAYS_EMBED_SWIFT_STANDARD_LIBRARIES = YES;
				BUNDLE_LOADER = "$(TEST_HOST)";
				CODE_SIGN_STYLE = Automatic;
				CURRENT_PROJECT_VERSION = 1;
				DEVELOPMENT_TEAM = UWUP5329Y8;
				GENERATE_INFOPLIST_FILE = YES;
				IPHONEOS_DEPLOYMENT_TARGET = 15.0;
				LD_RUNPATH_SEARCH_PATHS = (
					"$(inherited)",
					"@executable_path/Frameworks",
					"@loader_path/Frameworks",
				);
				MARKETING_VERSION = 1.0;
				PRODUCT_BUNDLE_IDENTIFIER = idan2700.IndependentTests;
				PRODUCT_NAME = "$(TARGET_NAME)";
				SWIFT_EMIT_LOC_STRINGS = NO;
				SWIFT_VERSION = 5.0;
				TARGETED_DEVICE_FAMILY = "1,2";
				TEST_HOST = "$(BUILT_PRODUCTS_DIR)/Independent.app/Independent";
			};
			name = Debug;
		};
		53AF2A8027268219001A359B /* Release */ = {
			isa = XCBuildConfiguration;
			buildSettings = {
				ALWAYS_EMBED_SWIFT_STANDARD_LIBRARIES = YES;
				BUNDLE_LOADER = "$(TEST_HOST)";
				CODE_SIGN_STYLE = Automatic;
				CURRENT_PROJECT_VERSION = 1;
				DEVELOPMENT_TEAM = UWUP5329Y8;
				GENERATE_INFOPLIST_FILE = YES;
				IPHONEOS_DEPLOYMENT_TARGET = 15.0;
				LD_RUNPATH_SEARCH_PATHS = (
					"$(inherited)",
					"@executable_path/Frameworks",
					"@loader_path/Frameworks",
				);
				MARKETING_VERSION = 1.0;
				PRODUCT_BUNDLE_IDENTIFIER = idan2700.IndependentTests;
				PRODUCT_NAME = "$(TARGET_NAME)";
				SWIFT_EMIT_LOC_STRINGS = NO;
				SWIFT_VERSION = 5.0;
				TARGETED_DEVICE_FAMILY = "1,2";
				TEST_HOST = "$(BUILT_PRODUCTS_DIR)/Independent.app/Independent";
			};
			name = Release;
		};
		53AF2A8227268219001A359B /* Debug */ = {
			isa = XCBuildConfiguration;
			buildSettings = {
				ALWAYS_EMBED_SWIFT_STANDARD_LIBRARIES = YES;
				CODE_SIGN_STYLE = Automatic;
				CURRENT_PROJECT_VERSION = 1;
				DEVELOPMENT_TEAM = UWUP5329Y8;
				GENERATE_INFOPLIST_FILE = YES;
				LD_RUNPATH_SEARCH_PATHS = (
					"$(inherited)",
					"@executable_path/Frameworks",
					"@loader_path/Frameworks",
				);
				MARKETING_VERSION = 1.0;
				PRODUCT_BUNDLE_IDENTIFIER = idan2700.IndependentUITests;
				PRODUCT_NAME = "$(TARGET_NAME)";
				SWIFT_EMIT_LOC_STRINGS = NO;
				SWIFT_VERSION = 5.0;
				TARGETED_DEVICE_FAMILY = "1,2";
				TEST_TARGET_NAME = Independent;
			};
			name = Debug;
		};
		53AF2A8327268219001A359B /* Release */ = {
			isa = XCBuildConfiguration;
			buildSettings = {
				ALWAYS_EMBED_SWIFT_STANDARD_LIBRARIES = YES;
				CODE_SIGN_STYLE = Automatic;
				CURRENT_PROJECT_VERSION = 1;
				DEVELOPMENT_TEAM = UWUP5329Y8;
				GENERATE_INFOPLIST_FILE = YES;
				LD_RUNPATH_SEARCH_PATHS = (
					"$(inherited)",
					"@executable_path/Frameworks",
					"@loader_path/Frameworks",
				);
				MARKETING_VERSION = 1.0;
				PRODUCT_BUNDLE_IDENTIFIER = idan2700.IndependentUITests;
				PRODUCT_NAME = "$(TARGET_NAME)";
				SWIFT_EMIT_LOC_STRINGS = NO;
				SWIFT_VERSION = 5.0;
				TARGETED_DEVICE_FAMILY = "1,2";
				TEST_TARGET_NAME = Independent;
			};
			name = Release;
		};
/* End XCBuildConfiguration section */

/* Begin XCConfigurationList section */
		53AF2A4C27268216001A359B /* Build configuration list for PBXProject "Independent" */ = {
			isa = XCConfigurationList;
			buildConfigurations = (
				53AF2A7927268219001A359B /* Debug */,
				53AF2A7A27268219001A359B /* Release */,
			);
			defaultConfigurationIsVisible = 0;
			defaultConfigurationName = Release;
		};
		53AF2A7B27268219001A359B /* Build configuration list for PBXNativeTarget "Independent" */ = {
			isa = XCConfigurationList;
			buildConfigurations = (
				53AF2A7C27268219001A359B /* Debug */,
				53AF2A7D27268219001A359B /* Release */,
			);
			defaultConfigurationIsVisible = 0;
			defaultConfigurationName = Release;
		};
		53AF2A7E27268219001A359B /* Build configuration list for PBXNativeTarget "IndependentTests" */ = {
			isa = XCConfigurationList;
			buildConfigurations = (
				53AF2A7F27268219001A359B /* Debug */,
				53AF2A8027268219001A359B /* Release */,
			);
			defaultConfigurationIsVisible = 0;
			defaultConfigurationName = Release;
		};
		53AF2A8127268219001A359B /* Build configuration list for PBXNativeTarget "IndependentUITests" */ = {
			isa = XCConfigurationList;
			buildConfigurations = (
				53AF2A8227268219001A359B /* Debug */,
				53AF2A8327268219001A359B /* Release */,
			);
			defaultConfigurationIsVisible = 0;
			defaultConfigurationName = Release;
		};
/* End XCConfigurationList section */
	};
	rootObject = 53AF2A4927268216001A359B /* Project object */;
}
